
Microsoft Visual Studio Solution File, Format Version 12.00
# Visual Studio Version 16
VisualStudioVersion = 16.0.29102.190
MinimumVisualStudioVersion = 10.0.40219.1
Project("{FAE04EC0-301F-11D3-BF4B-00C04F79EFBC}") = "Socket通讯-服务器", "Socket通讯\Socket通讯-服务器.csproj", "{740F9393-F4E4-4731-94F7-39126ED83F3E}"
EndProject
Project("{FAE04EC0-301F-11D3-BF4B-00C04F79EFBC}") = "Socket通讯-客户端", "Socket通讯-客户端\Socket通讯-客户端.csproj", "{A93203D5-8B40-4FF0-96B7-957353DFF683}"
EndProject
Global
	GlobalSection(SolutionConfigurationPlatforms) = preSolution
		Debug|Any CPU = Debug|Any CPU
		Release|Any CPU = Release|Any CPU
	EndGlobalSection
	GlobalSection(ProjectConfigurationPlatforms) = postSolution
		{740F9393-F4E4-4731-94F7-39126ED83F3E}.Debug|Any CPU.ActiveCfg = Debug|Any CPU
		{740F9393-F4E4-4731-94F7-39126ED83F3E}.Debug|Any CPU.Build.0 = Debug|Any CPU
		{740F9393-F4E4-4731-94F7-39126ED83F3E}.Release|Any CPU.ActiveCfg = Release|Any CPU
		{740F9393-F4E4-4731-94F7-39126ED83F3E}.Release|Any CPU.Build.0 = Release|Any CPU
		{A93203D5-8B40-4FF0-96B7-957353DFF683}.Debug|Any CPU.ActiveCfg = Debug|Any CPU
		{A93203D5-8B40-4FF0-96B7-957353DFF683}.Debug|Any CPU.Build.0 = Debug|Any CPU
		{A93203D5-8B40-4FF0-96B7-957353DFF683}.Release|Any CPU.ActiveCfg = Release|Any CPU
		{A93203D5-8B40-4FF0-96B7-957353DFF683}.Release|Any CPU.Build.0 = Release|Any CPU
	EndGlobalSection
	GlobalSection(SolutionProperties) = preSolution
		HideSolutionNode = FALSE
	EndGlobalSection
	GlobalSection(ExtensibilityGlobals) = postSolution
		SolutionGuid = {F70CAE38-1F04-4198-99E9-A50058FBB6FE}
	EndGlobalSection
EndGlobal
